
Microsoft Visual Studio Solution File, Format Version 12.00
# Visual Studio Version 17
VisualStudioVersion = 17.13.35617.110
MinimumVisualStudioVersion = 10.0.40219.1
Project("{FAE04EC0-301F-11D3-BF4B-00C04F79EFBC}") = "PancakeNextCore", "PancakeNextCore\PancakeNextCore.csproj", "{8D2888CF-7648-4AA0-913F-7771E084A1A2}"
EndProject
Project("{FAE04EC0-301F-11D3-BF4B-00C04F79EFBC}") = "Svg2GhIcon", "Svg2GhIcon\Svg2GhIcon.csproj", "{E906977E-1CAB-4C16-949F-CDB1D83B455E}"
EndProject
Project("{FAE04EC0-301F-11D3-BF4B-00C04F79EFBC}") = "OneCodeTwoVersions", "OneCodeTwoVersions\OneCodeTwoVersions.csproj", "{9E4BFD69-4BA3-4A54-9B33-BE9134FC5D7A}"
EndProject
Global
	GlobalSection(SolutionConfigurationPlatforms) = preSolution
		Debug|Any CPU = Debug|Any CPU
		Release|Any CPU = Release|Any CPU
	EndGlobalSection
	GlobalSection(ProjectConfigurationPlatforms) = postSolution
		{8D2888CF-7648-4AA0-913F-7771E084A1A2}.Debug|Any CPU.ActiveCfg = Debug|Any CPU
		{8D2888CF-7648-4AA0-913F-7771E084A1A2}.Debug|Any CPU.Build.0 = Debug|Any CPU
		{8D2888CF-7648-4AA0-913F-7771E084A1A2}.Release|Any CPU.ActiveCfg = Release|Any CPU
		{8D2888CF-7648-4AA0-913F-7771E084A1A2}.Release|Any CPU.Build.0 = Release|Any CPU
		{E906977E-1CAB-4C16-949F-CDB1D83B455E}.Debug|Any CPU.ActiveCfg = Debug|Any CPU
		{E906977E-1CAB-4C16-949F-CDB1D83B455E}.Debug|Any CPU.Build.0 = Debug|Any CPU
		{E906977E-1CAB-4C16-949F-CDB1D83B455E}.Release|Any CPU.ActiveCfg = Release|Any CPU
		{E906977E-1CAB-4C16-949F-CDB1D83B455E}.Release|Any CPU.Build.0 = Release|Any CPU
		{9E4BFD69-4BA3-4A54-9B33-BE9134FC5D7A}.Debug|Any CPU.ActiveCfg = G2Release|Any CPU
		{9E4BFD69-4BA3-4A54-9B33-BE9134FC5D7A}.Release|Any CPU.ActiveCfg = G1Release|Any CPU
		{9E4BFD69-4BA3-4A54-9B33-BE9134FC5D7A}.Release|Any CPU.Build.0 = G1Release|Any CPU
	EndGlobalSection
	GlobalSection(SolutionProperties) = preSolution
		HideSolutionNode = FALSE
	EndGlobalSection
	GlobalSection(ExtensibilityGlobals) = postSolution
		SolutionGuid = {915ECBA1-8E03-4EB4-A43F-26270F49033F}
	EndGlobalSection
EndGlobal
